<?xml version="1.0" encoding="UTF-8" standalone="yes" ?>
<CodeBlocks_project_file>
	<FileVersion major="1" minor="6" />
	<Project>
		<Option title="SMLToLLVM" />
		<Option execution_dir="/home/arcoth/PartIIProject/CoreToLLVM/" />
		<Option pch_mode="2" />
		<Option compiler="clang" />
		<Build>
			<Target title="Debug">
				<Option output="bin/Debug/CoreToLLVM" prefix_auto="1" extension_auto="1" />
				<Option working_dir="../." />
				<Option object_output="obj/Debug/" />
				<Option type="1" />
				<Option compiler="clang" />
				<Compiler>
					<Add option="-g" />
				</Compiler>
			</Target>
			<Target title="Release">
				<Option output="bin/Release/CoreToLLVM" prefix_auto="1" extension_auto="1" />
				<Option working_dir="../." />
				<Option object_output="obj/Release/" />
				<Option type="1" />
				<Option compiler="clang" />
				<Compiler>
					<Add option="-O2" />
				</Compiler>
				<Linker>
					<Add option="-s" />
				</Linker>
			</Target>
		</Build>
		<Compiler>
			<Add option="-O2" />
			<Add option="-Wall" />
			<Add option="-std=c++2a" />
			<Add option="-march=native" />
			<Add option="-Wextra" />
			<Add option="-ftemplate-backtrace-limit=0" />
			<Add option="-stdlib=libc++" />
		</Compiler>
		<Linker>
			<Add option="-lc++ -lc++abi -lm -lc -lgcc_s -lgcc" />
			<Add library="boost_system" />
		</Linker>
		<Unit filename="Absyn.hpp" />
		<Unit filename="AbsynInterfaceBasic.hpp" />
		<Unit filename="LabelledVariant.hpp" />
		<Unit filename="Lty.hpp" />
		<Unit filename="LtyParser.cpp" />
		<Unit filename="Modules.hpp" />
		<Unit filename="PLambda.hpp" />
		<Unit filename="PLambdaParser.cpp" />
		<Unit filename="ParserUtilities.hpp" />
		<Unit filename="Primop.hpp" />
		<Unit filename="PrimopParser.cpp" />
		<Unit filename="PropList.hpp" />
		<Unit filename="Stamps.hpp" />
		<Unit filename="StringSwitchHash.hpp" />
		<Unit filename="Symbol.hpp" />
		<Unit filename="TypeParser.cpp" />
		<Unit filename="Types.hpp" />
		<Unit filename="dynamic_wrapper.hpp" />
		<Unit filename="main.cpp" />
		<Extensions>
			<code_completion />
			<envvars />
			<debugger />
		</Extensions>
	</Project>
</CodeBlocks_project_file>
