<?xml version="1.0" encoding="UTF-8" standalone="yes" ?>
<CodeBlocks_project_file>
	<FileVersion major="1" minor="6" />
	<Project>
		<Option title="SMLToLLVM" />
		<Option execution_dir="/home/arcoth/PartIIProject/CoreToLLVM/" />
		<Option pch_mode="2" />
		<Option compiler="clang" />
		<Build>
			<Target title="Debug">
				<Option output="bin/Debug/CoreToLLVM" prefix_auto="1" extension_auto="1" />
				<Option working_dir="../." />
				<Option object_output="obj/Debug/" />
				<Option type="1" />
				<Option compiler="clang" />
				<Compiler>
					<Add option="-g" />
				</Compiler>
			</Target>
			<Target title="Test main">
				<Option output="bin/Debug/CoreToLLVM" prefix_auto="1" extension_auto="1" />
				<Option working_dir="../." />
				<Option object_output="obj/Debug/" />
				<Option type="1" />
				<Option compiler="clang" />
				<Compiler>
					<Add option="-g" />
				</Compiler>
			</Target>
			<Target title="Release">
				<Option output="bin/Release/CoreToLLVM" prefix_auto="1" extension_auto="1" />
				<Option working_dir="../." />
				<Option object_output="obj/Release/" />
				<Option type="1" />
				<Option compiler="clang" />
				<Compiler>
					<Add option="-O2" />
				</Compiler>
				<Linker>
					<Add option="-s" />
				</Linker>
			</Target>
		</Build>
		<Compiler>
			<Add option="-O2" />
			<Add option="-Wall" />
			<Add option="-march=native" />
			<Add option="-Wextra" />
			<Add option="-ftemplate-backtrace-limit=0" />
			<Add option="-stdlib=libc++" />
			<Add option="-std=c++2a" />
			<Add option="-D_LIBCPP_ENABLE_CXX17_REMOVED_BINDERS" />
			<Add directory="/home/arcoth/PartIIProject/SMLtoLLVM/" />
		</Compiler>
		<Linker>
			<Add option="-lc++ -lc++abi -lm -lc -lgcc_s -lgcc" />
			<Add option="`llvm-config --cxxflags --ldflags --system-libs --libs core native`" />
			<Add library="boost_system" />
		</Linker>
		<Unit filename="Compiler/basic.hpp" />
		<Unit filename="Compiler/compile.cpp" />
		<Unit filename="Compiler/compile.hpp" />
		<Unit filename="GCPlugin/GC.cpp" />
		<Unit filename="Misc/LabelledVariant.hpp" />
		<Unit filename="Misc/StringSwitchHash.hpp" />
		<Unit filename="Misc/dynamic_wrapper.hpp" />
		<Unit filename="Modules.hpp" />
		<Unit filename="SMLNJInterface/Absyn.hpp" />
		<Unit filename="SMLNJInterface/AbsynInterfaceBasic.hpp" />
		<Unit filename="SMLNJInterface/Lty.hpp" />
		<Unit filename="SMLNJInterface/LtyParser.cpp" />
		<Unit filename="SMLNJInterface/PLambda.hpp" />
		<Unit filename="SMLNJInterface/PLambdaParser.cpp" />
		<Unit filename="SMLNJInterface/ParserUtilities.hpp" />
		<Unit filename="SMLNJInterface/Primop.hpp" />
		<Unit filename="SMLNJInterface/PrimopParser.cpp" />
		<Unit filename="SMLNJInterface/PropList.hpp" />
		<Unit filename="SMLNJInterface/Stamps.hpp" />
		<Unit filename="SMLNJInterface/Symbol.hpp" />
		<Unit filename="SMLNJInterface/TypeParser.cpp" />
		<Unit filename="SMLNJInterface/Types.hpp" />
		<Unit filename="main.cpp">
			<Option target="Debug" />
			<Option target="Release" />
		</Unit>
		<Unit filename="test.cpp">
			<Option target="Test main" />
		</Unit>
		<Extensions>
			<code_completion />
			<envvars />
			<debugger />
		</Extensions>
	</Project>
</CodeBlocks_project_file>
